// !$*UTF8*$!
{
	archiveVersion = 1;
	classes = {
	};
	objectVersion = 55;
	objects = {

/* Begin PBXBuildFile section */
		0243DDAE283F8AC6007FAC8A /* AppDelegate.m in Sources */ = {isa = PBXBuildFile; fileRef = 0243DDAD283F8AC6007FAC8A /* AppDelegate.m */; };
		0243DDB1283F8AC6007FAC8A /* SceneDelegate.m in Sources */ = {isa = PBXBuildFile; fileRef = 0243DDB0283F8AC6007FAC8A /* SceneDelegate.m */; };
		0243DDB4283F8AC6007FAC8A /* ViewController.m in Sources */ = {isa = PBXBuildFile; fileRef = 0243DDB3283F8AC6007FAC8A /* ViewController.m */; };
		0243DDB7283F8AC6007FAC8A /* Main.storyboard in Resources */ = {isa = PBXBuildFile; fileRef = 0243DDB5283F8AC6007FAC8A /* Main.storyboard */; };
		0243DDB9283F8AC9007FAC8A /* Assets.xcassets in Resources */ = {isa = PBXBuildFile; fileRef = 0243DDB8283F8AC9007FAC8A /* Assets.xcassets */; };
		0243DDBC283F8AC9007FAC8A /* LaunchScreen.storyboard in Resources */ = {isa = PBXBuildFile; fileRef = 0243DDBA283F8AC9007FAC8A /* LaunchScreen.storyboard */; };
		0243DDBF283F8AC9007FAC8A /* main.m in Sources */ = {isa = PBXBuildFile; fileRef = 0243DDBE283F8AC9007FAC8A /* main.m */; };
		0243DDC9283F8AC9007FAC8A /* RCSceneVoiceRoomDemoTests.m in Sources */ = {isa = PBXBuildFile; fileRef = 0243DDC8283F8AC9007FAC8A /* RCSceneVoiceRoomDemoTests.m */; };
		0243DDD3283F8AC9007FAC8A /* RCSceneVoiceRoomDemoUITests.m in Sources */ = {isa = PBXBuildFile; fileRef = 0243DDD2283F8AC9007FAC8A /* RCSceneVoiceRoomDemoUITests.m */; };
		0243DDD5283F8AC9007FAC8A /* RCSceneVoiceRoomDemoUITestsLaunchTests.m in Sources */ = {isa = PBXBuildFile; fileRef = 0243DDD4283F8AC9007FAC8A /* RCSceneVoiceRoomDemoUITestsLaunchTests.m */; };
		0243DDE6283FA32F007FAC8A /* AppDelegate+SVProgressHUD.m in Sources */ = {isa = PBXBuildFile; fileRef = 0243DDE5283FA32F007FAC8A /* AppDelegate+SVProgressHUD.m */; };
		0243DDE9283FA55D007FAC8A /* RCRoomListController.m in Sources */ = {isa = PBXBuildFile; fileRef = 0243DDE7283FA55D007FAC8A /* RCRoomListController.m */; };
		0243DDED283FA56D007FAC8A /* RCRoomListPresenter.m in Sources */ = {isa = PBXBuildFile; fileRef = 0243DDEC283FA56D007FAC8A /* RCRoomListPresenter.m */; };
		0243DDF1283FA587007FAC8A /* RCRoomListCell.m in Sources */ = {isa = PBXBuildFile; fileRef = 0243DDEF283FA587007FAC8A /* RCRoomListCell.m */; };
		0243DDF7283FA59A007FAC8A /* CreateRoomModel.m in Sources */ = {isa = PBXBuildFile; fileRef = 0243DDF3283FA59A007FAC8A /* CreateRoomModel.m */; };
		0243DDF8283FA59A007FAC8A /* RoomListModel.m in Sources */ = {isa = PBXBuildFile; fileRef = 0243DDF4283FA59A007FAC8A /* RoomListModel.m */; };
		0243DDFB283FA608007FAC8A /* RoomModel.m in Sources */ = {isa = PBXBuildFile; fileRef = 0243DDF9283FA608007FAC8A /* RoomModel.m */; };
		0243DDFE283FA61C007FAC8A /* UserModel.m in Sources */ = {isa = PBXBuildFile; fileRef = 0243DDFC283FA61C007FAC8A /* UserModel.m */; };
		0243DE01283FAFF9007FAC8A /* RCWebService.swift in Sources */ = {isa = PBXBuildFile; fileRef = 0243DE00283FAFF9007FAC8A /* RCWebService.swift */; };
		0243DE03283FB737007FAC8A /* RCLoginService.swift in Sources */ = {isa = PBXBuildFile; fileRef = 0243DE02283FB737007FAC8A /* RCLoginService.swift */; };
		0243DE0B28407700007FAC8A /* AppConfigs.swift in Sources */ = {isa = PBXBuildFile; fileRef = 0243DE0A28407700007FAC8A /* AppConfigs.swift */; };
		0243DE0D28407749007FAC8A /* OCCallBridge.swift in Sources */ = {isa = PBXBuildFile; fileRef = 0243DE0C28407749007FAC8A /* OCCallBridge.swift */; };
		BADE9EAF12127C152481E290 /* Pods_RCSceneVoiceRoomDemoTests.framework in Frameworks */ = {isa = PBXBuildFile; fileRef = F8E0014A822C7F57D9941207 /* Pods_RCSceneVoiceRoomDemoTests.framework */; };
		EB992282E9F5BAFA925FD309 /* Pods_RCSceneVoiceRoomDemo.framework in Frameworks */ = {isa = PBXBuildFile; fileRef = 4B468D44E936A352DB982596 /* Pods_RCSceneVoiceRoomDemo.framework */; };
		F59F3C626A51E49F80D840F0 /* Pods_RCSceneVoiceRoomDemo_RCSceneVoiceRoomDemoUITests.framework in Frameworks */ = {isa = PBXBuildFile; fileRef = B556A6B696B4B57132D58C31 /* Pods_RCSceneVoiceRoomDemo_RCSceneVoiceRoomDemoUITests.framework */; };
/* End PBXBuildFile section */

/* Begin PBXContainerItemProxy section */
		0243DDC5283F8AC9007FAC8A /* PBXContainerItemProxy */ = {
			isa = PBXContainerItemProxy;
			containerPortal = 0243DDA1283F8AC6007FAC8A /* Project object */;
			proxyType = 1;
			remoteGlobalIDString = 0243DDA8283F8AC6007FAC8A;
			remoteInfo = RCSceneVoiceRoomDemo;
		};
		0243DDCF283F8AC9007FAC8A /* PBXContainerItemProxy */ = {
			isa = PBXContainerItemProxy;
			containerPortal = 0243DDA1283F8AC6007FAC8A /* Project object */;
			proxyType = 1;
			remoteGlobalIDString = 0243DDA8283F8AC6007FAC8A;
			remoteInfo = RCSceneVoiceRoomDemo;
		};
/* End PBXContainerItemProxy section */

/* Begin PBXFileReference section */
		0243DDA9283F8AC6007FAC8A /* RCSceneVoiceRoomDemo.app */ = {isa = PBXFileReference; explicitFileType = wrapper.application; includeInIndex = 0; path = RCSceneVoiceRoomDemo.app; sourceTree = BUILT_PRODUCTS_DIR; };
		0243DDAC283F8AC6007FAC8A /* AppDelegate.h */ = {isa = PBXFileReference; lastKnownFileType = sourcecode.c.h; path = AppDelegate.h; sourceTree = "<group>"; };
		0243DDAD283F8AC6007FAC8A /* AppDelegate.m */ = {isa = PBXFileReference; lastKnownFileType = sourcecode.c.objc; path = AppDelegate.m; sourceTree = "<group>"; };
		0243DDAF283F8AC6007FAC8A /* SceneDelegate.h */ = {isa = PBXFileReference; lastKnownFileType = sourcecode.c.h; path = SceneDelegate.h; sourceTree = "<group>"; };
		0243DDB0283F8AC6007FAC8A /* SceneDelegate.m */ = {isa = PBXFileReference; lastKnownFileType = sourcecode.c.objc; path = SceneDelegate.m; sourceTree = "<group>"; };
		0243DDB2283F8AC6007FAC8A /* ViewController.h */ = {isa = PBXFileReference; lastKnownFileType = sourcecode.c.h; path = ViewController.h; sourceTree = "<group>"; };
		0243DDB3283F8AC6007FAC8A /* ViewController.m */ = {isa = PBXFileReference; lastKnownFileType = sourcecode.c.objc; path = ViewController.m; sourceTree = "<group>"; };
		0243DDB6283F8AC6007FAC8A /* Base */ = {isa = PBXFileReference; lastKnownFileType = file.storyboard; name = Base; path = Base.lproj/Main.storyboard; sourceTree = "<group>"; };
		0243DDB8283F8AC9007FAC8A /* Assets.xcassets */ = {isa = PBXFileReference; lastKnownFileType = folder.assetcatalog; path = Assets.xcassets; sourceTree = "<group>"; };
		0243DDBB283F8AC9007FAC8A /* Base */ = {isa = PBXFileReference; lastKnownFileType = file.storyboard; name = Base; path = Base.lproj/LaunchScreen.storyboard; sourceTree = "<group>"; };
		0243DDBD283F8AC9007FAC8A /* Info.plist */ = {isa = PBXFileReference; lastKnownFileType = text.plist.xml; path = Info.plist; sourceTree = "<group>"; };
		0243DDBE283F8AC9007FAC8A /* main.m */ = {isa = PBXFileReference; lastKnownFileType = sourcecode.c.objc; path = main.m; sourceTree = "<group>"; };
		0243DDC4283F8AC9007FAC8A /* RCSceneVoiceRoomDemoTests.xctest */ = {isa = PBXFileReference; explicitFileType = wrapper.cfbundle; includeInIndex = 0; path = RCSceneVoiceRoomDemoTests.xctest; sourceTree = BUILT_PRODUCTS_DIR; };
		0243DDC8283F8AC9007FAC8A /* RCSceneVoiceRoomDemoTests.m */ = {isa = PBXFileReference; lastKnownFileType = sourcecode.c.objc; path = RCSceneVoiceRoomDemoTests.m; sourceTree = "<group>"; };
		0243DDCE283F8AC9007FAC8A /* RCSceneVoiceRoomDemoUITests.xctest */ = {isa = PBXFileReference; explicitFileType = wrapper.cfbundle; includeInIndex = 0; path = RCSceneVoiceRoomDemoUITests.xctest; sourceTree = BUILT_PRODUCTS_DIR; };
		0243DDD2283F8AC9007FAC8A /* RCSceneVoiceRoomDemoUITests.m */ = {isa = PBXFileReference; lastKnownFileType = sourcecode.c.objc; path = RCSceneVoiceRoomDemoUITests.m; sourceTree = "<group>"; };
		0243DDD4283F8AC9007FAC8A /* RCSceneVoiceRoomDemoUITestsLaunchTests.m */ = {isa = PBXFileReference; lastKnownFileType = sourcecode.c.objc; path = RCSceneVoiceRoomDemoUITestsLaunchTests.m; sourceTree = "<group>"; };
		0243DDE4283FA32E007FAC8A /* AppDelegate+SVProgressHUD.h */ = {isa = PBXFileReference; fileEncoding = 4; lastKnownFileType = sourcecode.c.h; path = "AppDelegate+SVProgressHUD.h"; sourceTree = "<group>"; };
		0243DDE5283FA32F007FAC8A /* AppDelegate+SVProgressHUD.m */ = {isa = PBXFileReference; fileEncoding = 4; lastKnownFileType = sourcecode.c.objc; path = "AppDelegate+SVProgressHUD.m"; sourceTree = "<group>"; };
		0243DDE7283FA55D007FAC8A /* RCRoomListController.m */ = {isa = PBXFileReference; fileEncoding = 4; lastKnownFileType = sourcecode.c.objc; path = RCRoomListController.m; sourceTree = "<group>"; };
		0243DDE8283FA55D007FAC8A /* RCRoomListController.h */ = {isa = PBXFileReference; fileEncoding = 4; lastKnownFileType = sourcecode.c.h; path = RCRoomListController.h; sourceTree = "<group>"; };
		0243DDEB283FA56D007FAC8A /* RCRoomListPresenter.h */ = {isa = PBXFileReference; fileEncoding = 4; lastKnownFileType = sourcecode.c.h; path = RCRoomListPresenter.h; sourceTree = "<group>"; };
		0243DDEC283FA56D007FAC8A /* RCRoomListPresenter.m */ = {isa = PBXFileReference; fileEncoding = 4; lastKnownFileType = sourcecode.c.objc; path = RCRoomListPresenter.m; sourceTree = "<group>"; };
		0243DDEF283FA587007FAC8A /* RCRoomListCell.m */ = {isa = PBXFileReference; fileEncoding = 4; lastKnownFileType = sourcecode.c.objc; path = RCRoomListCell.m; sourceTree = "<group>"; };
		0243DDF0283FA587007FAC8A /* RCRoomListCell.h */ = {isa = PBXFileReference; fileEncoding = 4; lastKnownFileType = sourcecode.c.h; path = RCRoomListCell.h; sourceTree = "<group>"; };
		0243DDF3283FA59A007FAC8A /* CreateRoomModel.m */ = {isa = PBXFileReference; fileEncoding = 4; lastKnownFileType = sourcecode.c.objc; path = CreateRoomModel.m; sourceTree = "<group>"; };
		0243DDF4283FA59A007FAC8A /* RoomListModel.m */ = {isa = PBXFileReference; fileEncoding = 4; lastKnownFileType = sourcecode.c.objc; path = RoomListModel.m; sourceTree = "<group>"; };
		0243DDF5283FA59A007FAC8A /* CreateRoomModel.h */ = {isa = PBXFileReference; fileEncoding = 4; lastKnownFileType = sourcecode.c.h; path = CreateRoomModel.h; sourceTree = "<group>"; };
		0243DDF6283FA59A007FAC8A /* RoomListModel.h */ = {isa = PBXFileReference; fileEncoding = 4; lastKnownFileType = sourcecode.c.h; path = RoomListModel.h; sourceTree = "<group>"; };
		0243DDF9283FA608007FAC8A /* RoomModel.m */ = {isa = PBXFileReference; fileEncoding = 4; lastKnownFileType = sourcecode.c.objc; path = RoomModel.m; sourceTree = "<group>"; };
		0243DDFA283FA608007FAC8A /* RoomModel.h */ = {isa = PBXFileReference; fileEncoding = 4; lastKnownFileType = sourcecode.c.h; path = RoomModel.h; sourceTree = "<group>"; };
		0243DDFC283FA61C007FAC8A /* UserModel.m */ = {isa = PBXFileReference; fileEncoding = 4; lastKnownFileType = sourcecode.c.objc; path = UserModel.m; sourceTree = "<group>"; };
		0243DDFD283FA61C007FAC8A /* UserModel.h */ = {isa = PBXFileReference; fileEncoding = 4; lastKnownFileType = sourcecode.c.h; path = UserModel.h; sourceTree = "<group>"; };
		0243DDFF283FAFF9007FAC8A /* RCSceneVoiceRoomDemo-Bridging-Header.h */ = {isa = PBXFileReference; lastKnownFileType = sourcecode.c.h; path = "RCSceneVoiceRoomDemo-Bridging-Header.h"; sourceTree = "<group>"; };
		0243DE00283FAFF9007FAC8A /* RCWebService.swift */ = {isa = PBXFileReference; lastKnownFileType = sourcecode.swift; path = RCWebService.swift; sourceTree = "<group>"; };
		0243DE02283FB737007FAC8A /* RCLoginService.swift */ = {isa = PBXFileReference; lastKnownFileType = sourcecode.swift; path = RCLoginService.swift; sourceTree = "<group>"; };
		0243DE0A28407700007FAC8A /* AppConfigs.swift */ = {isa = PBXFileReference; lastKnownFileType = sourcecode.swift; path = AppConfigs.swift; sourceTree = "<group>"; };
		0243DE0C28407749007FAC8A /* OCCallBridge.swift */ = {isa = PBXFileReference; lastKnownFileType = sourcecode.swift; path = OCCallBridge.swift; sourceTree = "<group>"; };
		10D69A5DB2DEA69FCC03293F /* Pods-RCSceneVoiceRoomDemoTests.debug.xcconfig */ = {isa = PBXFileReference; includeInIndex = 1; lastKnownFileType = text.xcconfig; name = "Pods-RCSceneVoiceRoomDemoTests.debug.xcconfig"; path = "Target Support Files/Pods-RCSceneVoiceRoomDemoTests/Pods-RCSceneVoiceRoomDemoTests.debug.xcconfig"; sourceTree = "<group>"; };
		31026FB7F5D467EFA0D07376 /* Pods-RCSceneVoiceRoomDemo-RCSceneVoiceRoomDemoUITests.release.xcconfig */ = {isa = PBXFileReference; includeInIndex = 1; lastKnownFileType = text.xcconfig; name = "Pods-RCSceneVoiceRoomDemo-RCSceneVoiceRoomDemoUITests.release.xcconfig"; path = "Target Support Files/Pods-RCSceneVoiceRoomDemo-RCSceneVoiceRoomDemoUITests/Pods-RCSceneVoiceRoomDemo-RCSceneVoiceRoomDemoUITests.release.xcconfig"; sourceTree = "<group>"; };
		4B468D44E936A352DB982596 /* Pods_RCSceneVoiceRoomDemo.framework */ = {isa = PBXFileReference; explicitFileType = wrapper.framework; includeInIndex = 0; path = Pods_RCSceneVoiceRoomDemo.framework; sourceTree = BUILT_PRODUCTS_DIR; };
		A95438126A37C77FCFE8B728 /* Pods-RCSceneVoiceRoomDemoTests.release.xcconfig */ = {isa = PBXFileReference; includeInIndex = 1; lastKnownFileType = text.xcconfig; name = "Pods-RCSceneVoiceRoomDemoTests.release.xcconfig"; path = "Target Support Files/Pods-RCSceneVoiceRoomDemoTests/Pods-RCSceneVoiceRoomDemoTests.release.xcconfig"; sourceTree = "<group>"; };
		AACE9869189396D7FED81C61 /* Pods-RCSceneVoiceRoomDemo-RCSceneVoiceRoomDemoUITests.debug.xcconfig */ = {isa = PBXFileReference; includeInIndex = 1; lastKnownFileType = text.xcconfig; name = "Pods-RCSceneVoiceRoomDemo-RCSceneVoiceRoomDemoUITests.debug.xcconfig"; path = "Target Support Files/Pods-RCSceneVoiceRoomDemo-RCSceneVoiceRoomDemoUITests/Pods-RCSceneVoiceRoomDemo-RCSceneVoiceRoomDemoUITests.debug.xcconfig"; sourceTree = "<group>"; };
		B556A6B696B4B57132D58C31 /* Pods_RCSceneVoiceRoomDemo_RCSceneVoiceRoomDemoUITests.framework */ = {isa = PBXFileReference; explicitFileType = wrapper.framework; includeInIndex = 0; path = Pods_RCSceneVoiceRoomDemo_RCSceneVoiceRoomDemoUITests.framework; sourceTree = BUILT_PRODUCTS_DIR; };
		CC6AA4534753A4FD41D8620D /* Pods-RCSceneVoiceRoomDemo.release.xcconfig */ = {isa = PBXFileReference; includeInIndex = 1; lastKnownFileType = text.xcconfig; name = "Pods-RCSceneVoiceRoomDemo.release.xcconfig"; path = "Target Support Files/Pods-RCSceneVoiceRoomDemo/Pods-RCSceneVoiceRoomDemo.release.xcconfig"; sourceTree = "<group>"; };
		E207DCD09BCFA1C4FDF73FEA /* Pods-RCSceneVoiceRoomDemo.debug.xcconfig */ = {isa = PBXFileReference; includeInIndex = 1; lastKnownFileType = text.xcconfig; name = "Pods-RCSceneVoiceRoomDemo.debug.xcconfig"; path = "Target Support Files/Pods-RCSceneVoiceRoomDemo/Pods-RCSceneVoiceRoomDemo.debug.xcconfig"; sourceTree = "<group>"; };
		F8E0014A822C7F57D9941207 /* Pods_RCSceneVoiceRoomDemoTests.framework */ = {isa = PBXFileReference; explicitFileType = wrapper.framework; includeInIndex = 0; path = Pods_RCSceneVoiceRoomDemoTests.framework; sourceTree = BUILT_PRODUCTS_DIR; };
/* End PBXFileReference section */

/* Begin PBXFrameworksBuildPhase section */
		0243DDA6283F8AC6007FAC8A /* Frameworks */ = {
			isa = PBXFrameworksBuildPhase;
			buildActionMask = 2147483647;
			files = (
				EB992282E9F5BAFA925FD309 /* Pods_RCSceneVoiceRoomDemo.framework in Frameworks */,
			);
			runOnlyForDeploymentPostprocessing = 0;
		};
		0243DDC1283F8AC9007FAC8A /* Frameworks */ = {
			isa = PBXFrameworksBuildPhase;
			buildActionMask = 2147483647;
			files = (
				BADE9EAF12127C152481E290 /* Pods_RCSceneVoiceRoomDemoTests.framework in Frameworks */,
			);
			runOnlyForDeploymentPostprocessing = 0;
		};
		0243DDCB283F8AC9007FAC8A /* Frameworks */ = {
			isa = PBXFrameworksBuildPhase;
			buildActionMask = 2147483647;
			files = (
				F59F3C626A51E49F80D840F0 /* Pods_RCSceneVoiceRoomDemo_RCSceneVoiceRoomDemoUITests.framework in Frameworks */,
			);
			runOnlyForDeploymentPostprocessing = 0;
		};
/* End PBXFrameworksBuildPhase section */

/* Begin PBXGroup section */
		0243DDA0283F8AC6007FAC8A = {
			isa = PBXGroup;
			children = (
				0243DDAB283F8AC6007FAC8A /* RCSceneVoiceRoomDemo */,
				0243DDC7283F8AC9007FAC8A /* RCSceneVoiceRoomDemoTests */,
				0243DDD1283F8AC9007FAC8A /* RCSceneVoiceRoomDemoUITests */,
				0243DDAA283F8AC6007FAC8A /* Products */,
				D30583CBCB9C7C0CE6CC87BD /* Pods */,
				A2488D649D5F0153D335DE58 /* Frameworks */,
			);
			sourceTree = "<group>";
		};
		0243DDAA283F8AC6007FAC8A /* Products */ = {
			isa = PBXGroup;
			children = (
				0243DDA9283F8AC6007FAC8A /* RCSceneVoiceRoomDemo.app */,
				0243DDC4283F8AC9007FAC8A /* RCSceneVoiceRoomDemoTests.xctest */,
				0243DDCE283F8AC9007FAC8A /* RCSceneVoiceRoomDemoUITests.xctest */,
			);
			name = Products;
			sourceTree = "<group>";
		};
		0243DDAB283F8AC6007FAC8A /* RCSceneVoiceRoomDemo */ = {
			isa = PBXGroup;
			children = (
				0243DE09284076D0007FAC8A /* Common */,
				0243DDE3283FA264007FAC8A /* RoomList */,
				0243DDE2283FA254007FAC8A /* NetWork */,
				0243DDE1283FA208007FAC8A /* Entry */,
				0243DDFF283FAFF9007FAC8A /* RCSceneVoiceRoomDemo-Bridging-Header.h */,
				0243DDB8283F8AC9007FAC8A /* Assets.xcassets */,
				0243DDBA283F8AC9007FAC8A /* LaunchScreen.storyboard */,
				0243DDBD283F8AC9007FAC8A /* Info.plist */,
				0243DDBE283F8AC9007FAC8A /* main.m */,
			);
			path = RCSceneVoiceRoomDemo;
			sourceTree = "<group>";
		};
		0243DDC7283F8AC9007FAC8A /* RCSceneVoiceRoomDemoTests */ = {
			isa = PBXGroup;
			children = (
				0243DDC8283F8AC9007FAC8A /* RCSceneVoiceRoomDemoTests.m */,
			);
			path = RCSceneVoiceRoomDemoTests;
			sourceTree = "<group>";
		};
		0243DDD1283F8AC9007FAC8A /* RCSceneVoiceRoomDemoUITests */ = {
			isa = PBXGroup;
			children = (
				0243DDD2283F8AC9007FAC8A /* RCSceneVoiceRoomDemoUITests.m */,
				0243DDD4283F8AC9007FAC8A /* RCSceneVoiceRoomDemoUITestsLaunchTests.m */,
			);
			path = RCSceneVoiceRoomDemoUITests;
			sourceTree = "<group>";
		};
		0243DDE1283FA208007FAC8A /* Entry */ = {
			isa = PBXGroup;
			children = (
				0243DDE4283FA32E007FAC8A /* AppDelegate+SVProgressHUD.h */,
				0243DDE5283FA32F007FAC8A /* AppDelegate+SVProgressHUD.m */,
				0243DDAC283F8AC6007FAC8A /* AppDelegate.h */,
				0243DDAD283F8AC6007FAC8A /* AppDelegate.m */,
				0243DDAF283F8AC6007FAC8A /* SceneDelegate.h */,
				0243DDB0283F8AC6007FAC8A /* SceneDelegate.m */,
				0243DDB2283F8AC6007FAC8A /* ViewController.h */,
				0243DDB3283F8AC6007FAC8A /* ViewController.m */,
				0243DDB5283F8AC6007FAC8A /* Main.storyboard */,
			);
			path = Entry;
			sourceTree = "<group>";
		};
		0243DDE2283FA254007FAC8A /* NetWork */ = {
			isa = PBXGroup;
			children = (
				0243DE00283FAFF9007FAC8A /* RCWebService.swift */,
				0243DE02283FB737007FAC8A /* RCLoginService.swift */,
			);
			path = NetWork;
			sourceTree = "<group>";
		};
		0243DDE3283FA264007FAC8A /* RoomList */ = {
			isa = PBXGroup;
			children = (
				0243DDF2283FA59A007FAC8A /* Model */,
				0243DDEE283FA587007FAC8A /* View */,
				0243DDEA283FA56D007FAC8A /* Presenter */,
				0243DDE8283FA55D007FAC8A /* RCRoomListController.h */,
				0243DDE7283FA55D007FAC8A /* RCRoomListController.m */,
			);
			path = RoomList;
			sourceTree = "<group>";
		};
		0243DDEA283FA56D007FAC8A /* Presenter */ = {
			isa = PBXGroup;
			children = (
				0243DDEB283FA56D007FAC8A /* RCRoomListPresenter.h */,
				0243DDEC283FA56D007FAC8A /* RCRoomListPresenter.m */,
			);
			path = Presenter;
			sourceTree = "<group>";
		};
		0243DDEE283FA587007FAC8A /* View */ = {
			isa = PBXGroup;
			children = (
				0243DDF0283FA587007FAC8A /* RCRoomListCell.h */,
				0243DDEF283FA587007FAC8A /* RCRoomListCell.m */,
			);
			path = View;
			sourceTree = "<group>";
		};
		0243DDF2283FA59A007FAC8A /* Model */ = {
			isa = PBXGroup;
			children = (
				0243DDFD283FA61C007FAC8A /* UserModel.h */,
				0243DDFC283FA61C007FAC8A /* UserModel.m */,
				0243DDFA283FA608007FAC8A /* RoomModel.h */,
				0243DDF9283FA608007FAC8A /* RoomModel.m */,
				0243DDF5283FA59A007FAC8A /* CreateRoomModel.h */,
				0243DDF3283FA59A007FAC8A /* CreateRoomModel.m */,
				0243DDF6283FA59A007FAC8A /* RoomListModel.h */,
				0243DDF4283FA59A007FAC8A /* RoomListModel.m */,
			);
			path = Model;
			sourceTree = "<group>";
		};
		0243DE09284076D0007FAC8A /* Common */ = {
			isa = PBXGroup;
			children = (
				0243DE0A28407700007FAC8A /* AppConfigs.swift */,
				0243DE0C28407749007FAC8A /* OCCallBridge.swift */,
			);
			path = Common;
			sourceTree = "<group>";
		};
		A2488D649D5F0153D335DE58 /* Frameworks */ = {
			isa = PBXGroup;
			children = (
				4B468D44E936A352DB982596 /* Pods_RCSceneVoiceRoomDemo.framework */,
				B556A6B696B4B57132D58C31 /* Pods_RCSceneVoiceRoomDemo_RCSceneVoiceRoomDemoUITests.framework */,
				F8E0014A822C7F57D9941207 /* Pods_RCSceneVoiceRoomDemoTests.framework */,
			);
			name = Frameworks;
			sourceTree = "<group>";
		};
		D30583CBCB9C7C0CE6CC87BD /* Pods */ = {
			isa = PBXGroup;
			children = (
				E207DCD09BCFA1C4FDF73FEA /* Pods-RCSceneVoiceRoomDemo.debug.xcconfig */,
				CC6AA4534753A4FD41D8620D /* Pods-RCSceneVoiceRoomDemo.release.xcconfig */,
				AACE9869189396D7FED81C61 /* Pods-RCSceneVoiceRoomDemo-RCSceneVoiceRoomDemoUITests.debug.xcconfig */,
				31026FB7F5D467EFA0D07376 /* Pods-RCSceneVoiceRoomDemo-RCSceneVoiceRoomDemoUITests.release.xcconfig */,
				10D69A5DB2DEA69FCC03293F /* Pods-RCSceneVoiceRoomDemoTests.debug.xcconfig */,
				A95438126A37C77FCFE8B728 /* Pods-RCSceneVoiceRoomDemoTests.release.xcconfig */,
			);
			path = Pods;
			sourceTree = "<group>";
		};
/* End PBXGroup section */

/* Begin PBXNativeTarget section */
		0243DDA8283F8AC6007FAC8A /* RCSceneVoiceRoomDemo */ = {
			isa = PBXNativeTarget;
			buildConfigurationList = 0243DDD8283F8AC9007FAC8A /* Build configuration list for PBXNativeTarget "RCSceneVoiceRoomDemo" */;
			buildPhases = (
				2E126D5BC389472F95750F1A /* [CP] Check Pods Manifest.lock */,
				0243DDA5283F8AC6007FAC8A /* Sources */,
				0243DDA6283F8AC6007FAC8A /* Frameworks */,
				0243DDA7283F8AC6007FAC8A /* Resources */,
				315B415134BFD41B906CDFB4 /* [CP] Embed Pods Frameworks */,
				3FDFBB4ADEE1387AC7514D52 /* [CP] Copy Pods Resources */,
			);
			buildRules = (
			);
			dependencies = (
			);
			name = RCSceneVoiceRoomDemo;
			productName = RCSceneVoiceRoomDemo;
			productReference = 0243DDA9283F8AC6007FAC8A /* RCSceneVoiceRoomDemo.app */;
			productType = "com.apple.product-type.application";
		};
		0243DDC3283F8AC9007FAC8A /* RCSceneVoiceRoomDemoTests */ = {
			isa = PBXNativeTarget;
			buildConfigurationList = 0243DDDB283F8AC9007FAC8A /* Build configuration list for PBXNativeTarget "RCSceneVoiceRoomDemoTests" */;
			buildPhases = (
				DBD11152B5EE1CA78F52EA55 /* [CP] Check Pods Manifest.lock */,
				0243DDC0283F8AC9007FAC8A /* Sources */,
				0243DDC1283F8AC9007FAC8A /* Frameworks */,
				0243DDC2283F8AC9007FAC8A /* Resources */,
			);
			buildRules = (
			);
			dependencies = (
				0243DDC6283F8AC9007FAC8A /* PBXTargetDependency */,
			);
			name = RCSceneVoiceRoomDemoTests;
			productName = RCSceneVoiceRoomDemoTests;
			productReference = 0243DDC4283F8AC9007FAC8A /* RCSceneVoiceRoomDemoTests.xctest */;
			productType = "com.apple.product-type.bundle.unit-test";
		};
		0243DDCD283F8AC9007FAC8A /* RCSceneVoiceRoomDemoUITests */ = {
			isa = PBXNativeTarget;
			buildConfigurationList = 0243DDDE283F8AC9007FAC8A /* Build configuration list for PBXNativeTarget "RCSceneVoiceRoomDemoUITests" */;
			buildPhases = (
				55A25FDA42195D8B17DB3809 /* [CP] Check Pods Manifest.lock */,
				0243DDCA283F8AC9007FAC8A /* Sources */,
				0243DDCB283F8AC9007FAC8A /* Frameworks */,
				0243DDCC283F8AC9007FAC8A /* Resources */,
				A14F88C29F8AA524D2B02EAE /* [CP] Embed Pods Frameworks */,
				1BD41A0846C96511C12B50C7 /* [CP] Copy Pods Resources */,
			);
			buildRules = (
			);
			dependencies = (
				0243DDD0283F8AC9007FAC8A /* PBXTargetDependency */,
			);
			name = RCSceneVoiceRoomDemoUITests;
			productName = RCSceneVoiceRoomDemoUITests;
			productReference = 0243DDCE283F8AC9007FAC8A /* RCSceneVoiceRoomDemoUITests.xctest */;
			productType = "com.apple.product-type.bundle.ui-testing";
		};
/* End PBXNativeTarget section */

/* Begin PBXProject section */
		0243DDA1283F8AC6007FAC8A /* Project object */ = {
			isa = PBXProject;
			attributes = {
				BuildIndependentTargetsInParallel = 1;
				LastUpgradeCheck = 1340;
				TargetAttributes = {
					0243DDA8283F8AC6007FAC8A = {
						CreatedOnToolsVersion = 13.4;
						LastSwiftMigration = 1340;
					};
					0243DDC3283F8AC9007FAC8A = {
						CreatedOnToolsVersion = 13.4;
						TestTargetID = 0243DDA8283F8AC6007FAC8A;
					};
					0243DDCD283F8AC9007FAC8A = {
						CreatedOnToolsVersion = 13.4;
						TestTargetID = 0243DDA8283F8AC6007FAC8A;
					};
				};
			};
			buildConfigurationList = 0243DDA4283F8AC6007FAC8A /* Build configuration list for PBXProject "RCSceneVoiceRoomDemo" */;
			compatibilityVersion = "Xcode 13.0";
			developmentRegion = en;
			hasScannedForEncodings = 0;
			knownRegions = (
				en,
				Base,
			);
			mainGroup = 0243DDA0283F8AC6007FAC8A;
			productRefGroup = 0243DDAA283F8AC6007FAC8A /* Products */;
			projectDirPath = "";
			projectRoot = "";
			targets = (
				0243DDA8283F8AC6007FAC8A /* RCSceneVoiceRoomDemo */,
				0243DDC3283F8AC9007FAC8A /* RCSceneVoiceRoomDemoTests */,
				0243DDCD283F8AC9007FAC8A /* RCSceneVoiceRoomDemoUITests */,
			);
		};
/* End PBXProject section */

/* Begin PBXResourcesBuildPhase section */
		0243DDA7283F8AC6007FAC8A /* Resources */ = {
			isa = PBXResourcesBuildPhase;
			buildActionMask = 2147483647;
			files = (
				0243DDBC283F8AC9007FAC8A /* LaunchScreen.storyboard in Resources */,
				0243DDB9283F8AC9007FAC8A /* Assets.xcassets in Resources */,
				0243DDB7283F8AC6007FAC8A /* Main.storyboard in Resources */,
			);
			runOnlyForDeploymentPostprocessing = 0;
		};
		0243DDC2283F8AC9007FAC8A /* Resources */ = {
			isa = PBXResourcesBuildPhase;
			buildActionMask = 2147483647;
			files = (
			);
			runOnlyForDeploymentPostprocessing = 0;
		};
		0243DDCC283F8AC9007FAC8A /* Resources */ = {
			isa = PBXResourcesBuildPhase;
			buildActionMask = 2147483647;
			files = (
			);
			runOnlyForDeploymentPostprocessing = 0;
		};
/* End PBXResourcesBuildPhase section */

/* Begin PBXShellScriptBuildPhase section */
		1BD41A0846C96511C12B50C7 /* [CP] Copy Pods Resources */ = {
			isa = PBXShellScriptBuildPhase;
			buildActionMask = 2147483647;
			files = (
			);
			inputFileListPaths = (
				"${PODS_ROOT}/Target Support Files/Pods-RCSceneVoiceRoomDemo-RCSceneVoiceRoomDemoUITests/Pods-RCSceneVoiceRoomDemo-RCSceneVoiceRoomDemoUITests-resources-${CONFIGURATION}-input-files.xcfilelist",
			);
			name = "[CP] Copy Pods Resources";
			outputFileListPaths = (
				"${PODS_ROOT}/Target Support Files/Pods-RCSceneVoiceRoomDemo-RCSceneVoiceRoomDemoUITests/Pods-RCSceneVoiceRoomDemo-RCSceneVoiceRoomDemoUITests-resources-${CONFIGURATION}-output-files.xcfilelist",
			);
			runOnlyForDeploymentPostprocessing = 0;
			shellPath = /bin/sh;
			shellScript = "\"${PODS_ROOT}/Target Support Files/Pods-RCSceneVoiceRoomDemo-RCSceneVoiceRoomDemoUITests/Pods-RCSceneVoiceRoomDemo-RCSceneVoiceRoomDemoUITests-resources.sh\"\n";
			showEnvVarsInLog = 0;
		};
		2E126D5BC389472F95750F1A /* [CP] Check Pods Manifest.lock */ = {
			isa = PBXShellScriptBuildPhase;
			buildActionMask = 2147483647;
			files = (
			);
			inputFileListPaths = (
			);
			inputPaths = (
				"${PODS_PODFILE_DIR_PATH}/Podfile.lock",
				"${PODS_ROOT}/Manifest.lock",
			);
			name = "[CP] Check Pods Manifest.lock";
			outputFileListPaths = (
			);
			outputPaths = (
				"$(DERIVED_FILE_DIR)/Pods-RCSceneVoiceRoomDemo-checkManifestLockResult.txt",
			);
			runOnlyForDeploymentPostprocessing = 0;
			shellPath = /bin/sh;
			shellScript = "diff \"${PODS_PODFILE_DIR_PATH}/Podfile.lock\" \"${PODS_ROOT}/Manifest.lock\" > /dev/null\nif [ $? != 0 ] ; then\n    # print error to STDERR\n    echo \"error: The sandbox is not in sync with the Podfile.lock. Run 'pod install' or update your CocoaPods installation.\" >&2\n    exit 1\nfi\n# This output is used by Xcode 'outputs' to avoid re-running this script phase.\necho \"SUCCESS\" > \"${SCRIPT_OUTPUT_FILE_0}\"\n";
			showEnvVarsInLog = 0;
		};
		315B415134BFD41B906CDFB4 /* [CP] Embed Pods Frameworks */ = {
			isa = PBXShellScriptBuildPhase;
			buildActionMask = 2147483647;
			files = (
			);
			inputFileListPaths = (
				"${PODS_ROOT}/Target Support Files/Pods-RCSceneVoiceRoomDemo/Pods-RCSceneVoiceRoomDemo-frameworks-${CONFIGURATION}-input-files.xcfilelist",
			);
			name = "[CP] Embed Pods Frameworks";
			outputFileListPaths = (
				"${PODS_ROOT}/Target Support Files/Pods-RCSceneVoiceRoomDemo/Pods-RCSceneVoiceRoomDemo-frameworks-${CONFIGURATION}-output-files.xcfilelist",
			);
			runOnlyForDeploymentPostprocessing = 0;
			shellPath = /bin/sh;
			shellScript = "\"${PODS_ROOT}/Target Support Files/Pods-RCSceneVoiceRoomDemo/Pods-RCSceneVoiceRoomDemo-frameworks.sh\"\n";
			showEnvVarsInLog = 0;
		};
		3FDFBB4ADEE1387AC7514D52 /* [CP] Copy Pods Resources */ = {
			isa = PBXShellScriptBuildPhase;
			buildActionMask = 2147483647;
			files = (
			);
			inputFileListPaths = (
				"${PODS_ROOT}/Target Support Files/Pods-RCSceneVoiceRoomDemo/Pods-RCSceneVoiceRoomDemo-resources-${CONFIGURATION}-input-files.xcfilelist",
			);
			name = "[CP] Copy Pods Resources";
			outputFileListPaths = (
				"${PODS_ROOT}/Target Support Files/Pods-RCSceneVoiceRoomDemo/Pods-RCSceneVoiceRoomDemo-resources-${CONFIGURATION}-output-files.xcfilelist",
			);
			runOnlyForDeploymentPostprocessing = 0;
			shellPath = /bin/sh;
			shellScript = "\"${PODS_ROOT}/Target Support Files/Pods-RCSceneVoiceRoomDemo/Pods-RCSceneVoiceRoomDemo-resources.sh\"\n";
			showEnvVarsInLog = 0;
		};
		55A25FDA42195D8B17DB3809 /* [CP] Check Pods Manifest.lock */ = {
			isa = PBXShellScriptBuildPhase;
			buildActionMask = 2147483647;
			files = (
			);
			inputFileListPaths = (
			);
			inputPaths = (
				"${PODS_PODFILE_DIR_PATH}/Podfile.lock",
				"${PODS_ROOT}/Manifest.lock",
			);
			name = "[CP] Check Pods Manifest.lock";
			outputFileListPaths = (
			);
			outputPaths = (
				"$(DERIVED_FILE_DIR)/Pods-RCSceneVoiceRoomDemo-RCSceneVoiceRoomDemoUITests-checkManifestLockResult.txt",
			);
			runOnlyForDeploymentPostprocessing = 0;
			shellPath = /bin/sh;
			shellScript = "diff \"${PODS_PODFILE_DIR_PATH}/Podfile.lock\" \"${PODS_ROOT}/Manifest.lock\" > /dev/null\nif [ $? != 0 ] ; then\n    # print error to STDERR\n    echo \"error: The sandbox is not in sync with the Podfile.lock. Run 'pod install' or update your CocoaPods installation.\" >&2\n    exit 1\nfi\n# This output is used by Xcode 'outputs' to avoid re-running this script phase.\necho \"SUCCESS\" > \"${SCRIPT_OUTPUT_FILE_0}\"\n";
			showEnvVarsInLog = 0;
		};
		A14F88C29F8AA524D2B02EAE /* [CP] Embed Pods Frameworks */ = {
			isa = PBXShellScriptBuildPhase;
			buildActionMask = 2147483647;
			files = (
			);
			inputFileListPaths = (
				"${PODS_ROOT}/Target Support Files/Pods-RCSceneVoiceRoomDemo-RCSceneVoiceRoomDemoUITests/Pods-RCSceneVoiceRoomDemo-RCSceneVoiceRoomDemoUITests-frameworks-${CONFIGURATION}-input-files.xcfilelist",
			);
			name = "[CP] Embed Pods Frameworks";
			outputFileListPaths = (
				"${PODS_ROOT}/Target Support Files/Pods-RCSceneVoiceRoomDemo-RCSceneVoiceRoomDemoUITests/Pods-RCSceneVoiceRoomDemo-RCSceneVoiceRoomDemoUITests-frameworks-${CONFIGURATION}-output-files.xcfilelist",
			);
			runOnlyForDeploymentPostprocessing = 0;
			shellPath = /bin/sh;
			shellScript = "\"${PODS_ROOT}/Target Support Files/Pods-RCSceneVoiceRoomDemo-RCSceneVoiceRoomDemoUITests/Pods-RCSceneVoiceRoomDemo-RCSceneVoiceRoomDemoUITests-frameworks.sh\"\n";
			showEnvVarsInLog = 0;
		};
		DBD11152B5EE1CA78F52EA55 /* [CP] Check Pods Manifest.lock */ = {
			isa = PBXShellScriptBuildPhase;
			buildActionMask = 2147483647;
			files = (
			);
			inputFileListPaths = (
			);
			inputPaths = (
				"${PODS_PODFILE_DIR_PATH}/Podfile.lock",
				"${PODS_ROOT}/Manifest.lock",
			);
			name = "[CP] Check Pods Manifest.lock";
			outputFileListPaths = (
			);
			outputPaths = (
				"$(DERIVED_FILE_DIR)/Pods-RCSceneVoiceRoomDemoTests-checkManifestLockResult.txt",
			);
			runOnlyForDeploymentPostprocessing = 0;
			shellPath = /bin/sh;
			shellScript = "diff \"${PODS_PODFILE_DIR_PATH}/Podfile.lock\" \"${PODS_ROOT}/Manifest.lock\" > /dev/null\nif [ $? != 0 ] ; then\n    # print error to STDERR\n    echo \"error: The sandbox is not in sync with the Podfile.lock. Run 'pod install' or update your CocoaPods installation.\" >&2\n    exit 1\nfi\n# This output is used by Xcode 'outputs' to avoid re-running this script phase.\necho \"SUCCESS\" > \"${SCRIPT_OUTPUT_FILE_0}\"\n";
			showEnvVarsInLog = 0;
		};
/* End PBXShellScriptBuildPhase section */

/* Begin PBXSourcesBuildPhase section */
		0243DDA5283F8AC6007FAC8A /* Sources */ = {
			isa = PBXSourcesBuildPhase;
			buildActionMask = 2147483647;
			files = (
				0243DE01283FAFF9007FAC8A /* RCWebService.swift in Sources */,
				0243DDB4283F8AC6007FAC8A /* ViewController.m in Sources */,
				0243DDF1283FA587007FAC8A /* RCRoomListCell.m in Sources */,
				0243DDFE283FA61C007FAC8A /* UserModel.m in Sources */,
				0243DDF7283FA59A007FAC8A /* CreateRoomModel.m in Sources */,
				0243DE0B28407700007FAC8A /* AppConfigs.swift in Sources */,
				0243DDAE283F8AC6007FAC8A /* AppDelegate.m in Sources */,
				0243DDED283FA56D007FAC8A /* RCRoomListPresenter.m in Sources */,
				0243DDFB283FA608007FAC8A /* RoomModel.m in Sources */,
				0243DDE6283FA32F007FAC8A /* AppDelegate+SVProgressHUD.m in Sources */,
				0243DDBF283F8AC9007FAC8A /* main.m in Sources */,
				0243DE03283FB737007FAC8A /* RCLoginService.swift in Sources */,
				0243DDB1283F8AC6007FAC8A /* SceneDelegate.m in Sources */,
				0243DDF8283FA59A007FAC8A /* RoomListModel.m in Sources */,
				0243DE0D28407749007FAC8A /* OCCallBridge.swift in Sources */,
				0243DDE9283FA55D007FAC8A /* RCRoomListController.m in Sources */,
			);
			runOnlyForDeploymentPostprocessing = 0;
		};
		0243DDC0283F8AC9007FAC8A /* Sources */ = {
			isa = PBXSourcesBuildPhase;
			buildActionMask = 2147483647;
			files = (
				0243DDC9283F8AC9007FAC8A /* RCSceneVoiceRoomDemoTests.m in Sources */,
			);
			runOnlyForDeploymentPostprocessing = 0;
		};
		0243DDCA283F8AC9007FAC8A /* Sources */ = {
			isa = PBXSourcesBuildPhase;
			buildActionMask = 2147483647;
			files = (
				0243DDD3283F8AC9007FAC8A /* RCSceneVoiceRoomDemoUITests.m in Sources */,
				0243DDD5283F8AC9007FAC8A /* RCSceneVoiceRoomDemoUITestsLaunchTests.m in Sources */,
			);
			runOnlyForDeploymentPostprocessing = 0;
		};
/* End PBXSourcesBuildPhase section */

/* Begin PBXTargetDependency section */
		0243DDC6283F8AC9007FAC8A /* PBXTargetDependency */ = {
			isa = PBXTargetDependency;
			target = 0243DDA8283F8AC6007FAC8A /* RCSceneVoiceRoomDemo */;
			targetProxy = 0243DDC5283F8AC9007FAC8A /* PBXContainerItemProxy */;
		};
		0243DDD0283F8AC9007FAC8A /* PBXTargetDependency */ = {
			isa = PBXTargetDependency;
			target = 0243DDA8283F8AC6007FAC8A /* RCSceneVoiceRoomDemo */;
			targetProxy = 0243DDCF283F8AC9007FAC8A /* PBXContainerItemProxy */;
		};
/* End PBXTargetDependency section */

/* Begin PBXVariantGroup section */
		0243DDB5283F8AC6007FAC8A /* Main.storyboard */ = {
			isa = PBXVariantGroup;
			children = (
				0243DDB6283F8AC6007FAC8A /* Base */,
			);
			name = Main.storyboard;
			sourceTree = "<group>";
		};
		0243DDBA283F8AC9007FAC8A /* LaunchScreen.storyboard */ = {
			isa = PBXVariantGroup;
			children = (
				0243DDBB283F8AC9007FAC8A /* Base */,
			);
			name = LaunchScreen.storyboard;
			sourceTree = "<group>";
		};
/* End PBXVariantGroup section */

/* Begin XCBuildConfiguration section */
		0243DDD6283F8AC9007FAC8A /* Debug */ = {
			isa = XCBuildConfiguration;
			buildSettings = {
				ALWAYS_SEARCH_USER_PATHS = NO;
				CLANG_ANALYZER_NONNULL = YES;
				CLANG_ANALYZER_NUMBER_OBJECT_CONVERSION = YES_AGGRESSIVE;
				CLANG_CXX_LANGUAGE_STANDARD = "gnu++17";
				CLANG_ENABLE_MODULES = YES;
				CLANG_ENABLE_OBJC_ARC = YES;
				CLANG_ENABLE_OBJC_WEAK = YES;
				CLANG_WARN_BLOCK_CAPTURE_AUTORELEASING = YES;
				CLANG_WARN_BOOL_CONVERSION = YES;
				CLANG_WARN_COMMA = YES;
				CLANG_WARN_CONSTANT_CONVERSION = YES;
				CLANG_WARN_DEPRECATED_OBJC_IMPLEMENTATIONS = YES;
				CLANG_WARN_DIRECT_OBJC_ISA_USAGE = YES_ERROR;
				CLANG_WARN_DOCUMENTATION_COMMENTS = YES;
				CLANG_WARN_EMPTY_BODY = YES;
				CLANG_WARN_ENUM_CONVERSION = YES;
				CLANG_WARN_INFINITE_RECURSION = YES;
				CLANG_WARN_INT_CONVERSION = YES;
				CLANG_WARN_NON_LITERAL_NULL_CONVERSION = YES;
				CLANG_WARN_OBJC_IMPLICIT_RETAIN_SELF = YES;
				CLANG_WARN_OBJC_LITERAL_CONVERSION = YES;
				CLANG_WARN_OBJC_ROOT_CLASS = YES_ERROR;
				CLANG_WARN_QUOTED_INCLUDE_IN_FRAMEWORK_HEADER = YES;
				CLANG_WARN_RANGE_LOOP_ANALYSIS = YES;
				CLANG_WARN_STRICT_PROTOTYPES = YES;
				CLANG_WARN_SUSPICIOUS_MOVE = YES;
				CLANG_WARN_UNGUARDED_AVAILABILITY = YES_AGGRESSIVE;
				CLANG_WARN_UNREACHABLE_CODE = YES;
				CLANG_WARN__DUPLICATE_METHOD_MATCH = YES;
				COPY_PHASE_STRIP = NO;
				DEBUG_INFORMATION_FORMAT = dwarf;
				ENABLE_STRICT_OBJC_MSGSEND = YES;
				ENABLE_TESTABILITY = YES;
				GCC_C_LANGUAGE_STANDARD = gnu11;
				GCC_DYNAMIC_NO_PIC = NO;
				GCC_NO_COMMON_BLOCKS = YES;
				GCC_OPTIMIZATION_LEVEL = 0;
				GCC_PREPROCESSOR_DEFINITIONS = (
					"DEBUG=1",
					"$(inherited)",
				);
				GCC_WARN_64_TO_32_BIT_CONVERSION = YES;
				GCC_WARN_ABOUT_RETURN_TYPE = YES_ERROR;
				GCC_WARN_UNDECLARED_SELECTOR = YES;
				GCC_WARN_UNINITIALIZED_AUTOS = YES_AGGRESSIVE;
				GCC_WARN_UNUSED_FUNCTION = YES;
				GCC_WARN_UNUSED_VARIABLE = YES;
				IPHONEOS_DEPLOYMENT_TARGET = 15.5;
				MTL_ENABLE_DEBUG_INFO = INCLUDE_SOURCE;
				MTL_FAST_MATH = YES;
				ONLY_ACTIVE_ARCH = YES;
				SDKROOT = iphoneos;
			};
			name = Debug;
		};
		0243DDD7283F8AC9007FAC8A /* Release */ = {
			isa = XCBuildConfiguration;
			buildSettings = {
				ALWAYS_SEARCH_USER_PATHS = NO;
				CLANG_ANALYZER_NONNULL = YES;
				CLANG_ANALYZER_NUMBER_OBJECT_CONVERSION = YES_AGGRESSIVE;
				CLANG_CXX_LANGUAGE_STANDARD = "gnu++17";
				CLANG_ENABLE_MODULES = YES;
				CLANG_ENABLE_OBJC_ARC = YES;
				CLANG_ENABLE_OBJC_WEAK = YES;
				CLANG_WARN_BLOCK_CAPTURE_AUTORELEASING = YES;
				CLANG_WARN_BOOL_CONVERSION = YES;
				CLANG_WARN_COMMA = YES;
				CLANG_WARN_CONSTANT_CONVERSION = YES;
				CLANG_WARN_DEPRECATED_OBJC_IMPLEMENTATIONS = YES;
				CLANG_WARN_DIRECT_OBJC_ISA_USAGE = YES_ERROR;
				CLANG_WARN_DOCUMENTATION_COMMENTS = YES;
				CLANG_WARN_EMPTY_BODY = YES;
				CLANG_WARN_ENUM_CONVERSION = YES;
				CLANG_WARN_INFINITE_RECURSION = YES;
				CLANG_WARN_INT_CONVERSION = YES;
				CLANG_WARN_NON_LITERAL_NULL_CONVERSION = YES;
				CLANG_WARN_OBJC_IMPLICIT_RETAIN_SELF = YES;
				CLANG_WARN_OBJC_LITERAL_CONVERSION = YES;
				CLANG_WARN_OBJC_ROOT_CLASS = YES_ERROR;
				CLANG_WARN_QUOTED_INCLUDE_IN_FRAMEWORK_HEADER = YES;
				CLANG_WARN_RANGE_LOOP_ANALYSIS = YES;
				CLANG_WARN_STRICT_PROTOTYPES = YES;
				CLANG_WARN_SUSPICIOUS_MOVE = YES;
				CLANG_WARN_UNGUARDED_AVAILABILITY = YES_AGGRESSIVE;
				CLANG_WARN_UNREACHABLE_CODE = YES;
				CLANG_WARN__DUPLICATE_METHOD_MATCH = YES;
				COPY_PHASE_STRIP = NO;
				DEBUG_INFORMATION_FORMAT = "dwarf-with-dsym";
				ENABLE_NS_ASSERTIONS = NO;
				ENABLE_STRICT_OBJC_MSGSEND = YES;
				GCC_C_LANGUAGE_STANDARD = gnu11;
				GCC_NO_COMMON_BLOCKS = YES;
				GCC_WARN_64_TO_32_BIT_CONVERSION = YES;
				GCC_WARN_ABOUT_RETURN_TYPE = YES_ERROR;
				GCC_WARN_UNDECLARED_SELECTOR = YES;
				GCC_WARN_UNINITIALIZED_AUTOS = YES_AGGRESSIVE;
				GCC_WARN_UNUSED_FUNCTION = YES;
				GCC_WARN_UNUSED_VARIABLE = YES;
				IPHONEOS_DEPLOYMENT_TARGET = 15.5;
				MTL_ENABLE_DEBUG_INFO = NO;
				MTL_FAST_MATH = YES;
				SDKROOT = iphoneos;
				VALIDATE_PRODUCT = YES;
			};
			name = Release;
		};
		0243DDD9283F8AC9007FAC8A /* Debug */ = {
			isa = XCBuildConfiguration;
			baseConfigurationReference = E207DCD09BCFA1C4FDF73FEA /* Pods-RCSceneVoiceRoomDemo.debug.xcconfig */;
			buildSettings = {
				ASSETCATALOG_COMPILER_APPICON_NAME = AppIcon;
				ASSETCATALOG_COMPILER_GLOBAL_ACCENT_COLOR_NAME = AccentColor;
				CLANG_ENABLE_MODULES = YES;
				CODE_SIGN_STYLE = Automatic;
				CURRENT_PROJECT_VERSION = 1;
				DEVELOPMENT_TEAM = 43XBZUE6H4;
				GENERATE_INFOPLIST_FILE = YES;
				INFOPLIST_FILE = RCSceneVoiceRoomDemo/Info.plist;
				INFOPLIST_KEY_NSCameraUsageDescription = "是否允许使用摄像头？";
				INFOPLIST_KEY_NSMicrophoneUsageDescription = "是否允许使用麦克风？";
				INFOPLIST_KEY_UIApplicationSupportsIndirectInputEvents = YES;
				INFOPLIST_KEY_UILaunchStoryboardName = LaunchScreen;
				INFOPLIST_KEY_UIMainStoryboardFile = Main;
				INFOPLIST_KEY_UISupportedInterfaceOrientations_iPad = "UIInterfaceOrientationPortrait UIInterfaceOrientationPortraitUpsideDown UIInterfaceOrientationLandscapeLeft UIInterfaceOrientationLandscapeRight";
				INFOPLIST_KEY_UISupportedInterfaceOrientations_iPhone = "UIInterfaceOrientationPortrait UIInterfaceOrientationLandscapeLeft UIInterfaceOrientationLandscapeRight";
				IPHONEOS_DEPLOYMENT_TARGET = 13.0;
				LD_RUNPATH_SEARCH_PATHS = (
					"$(inherited)",
					"@executable_path/Frameworks",
				);
				MARKETING_VERSION = 1.0;
				PRODUCT_BUNDLE_IDENTIFIER = com.pl.RCSceneVoiceRoomDemo;
				PRODUCT_NAME = "$(TARGET_NAME)";
				SWIFT_EMIT_LOC_STRINGS = YES;
				SWIFT_OBJC_BRIDGING_HEADER = "RCSceneVoiceRoomDemo/RCSceneVoiceRoomDemo-Bridging-Header.h";
				SWIFT_OPTIMIZATION_LEVEL = "-Onone";
				SWIFT_VERSION = 5.0;
				TARGETED_DEVICE_FAMILY = "1,2";
			};
			name = Debug;
		};
		0243DDDA283F8AC9007FAC8A /* Release */ = {
			isa = XCBuildConfiguration;
			baseConfigurationReference = CC6AA4534753A4FD41D8620D /* Pods-RCSceneVoiceRoomDemo.release.xcconfig */;
			buildSettings = {
				ASSETCATALOG_COMPILER_APPICON_NAME = AppIcon;
				ASSETCATALOG_COMPILER_GLOBAL_ACCENT_COLOR_NAME = AccentColor;
				CLANG_ENABLE_MODULES = YES;
				CODE_SIGN_STYLE = Automatic;
				CURRENT_PROJECT_VERSION = 1;
				DEVELOPMENT_TEAM = 43XBZUE6H4;
				GENERATE_INFOPLIST_FILE = YES;
				INFOPLIST_FILE = RCSceneVoiceRoomDemo/Info.plist;
				INFOPLIST_KEY_NSCameraUsageDescription = "是否允许使用摄像头？";
				INFOPLIST_KEY_NSMicrophoneUsageDescription = "是否允许使用麦克风？";
				INFOPLIST_KEY_UIApplicationSupportsIndirectInputEvents = YES;
				INFOPLIST_KEY_UILaunchStoryboardName = LaunchScreen;
				INFOPLIST_KEY_UIMainStoryboardFile = Main;
				INFOPLIST_KEY_UISupportedInterfaceOrientations_iPad = "UIInterfaceOrientationPortrait UIInterfaceOrientationPortraitUpsideDown UIInterfaceOrientationLandscapeLeft UIInterfaceOrientationLandscapeRight";
				INFOPLIST_KEY_UISupportedInterfaceOrientations_iPhone = "UIInterfaceOrientationPortrait UIInterfaceOrientationLandscapeLeft UIInterfaceOrientationLandscapeRight";
				IPHONEOS_DEPLOYMENT_TARGET = 13.0;
				LD_RUNPATH_SEARCH_PATHS = (
					"$(inherited)",
					"@executable_path/Frameworks",
				);
				MARKETING_VERSION = 1.0;
				PRODUCT_BUNDLE_IDENTIFIER = com.pl.RCSceneVoiceRoomDemo;
				PRODUCT_NAME = "$(TARGET_NAME)";
				SWIFT_EMIT_LOC_STRINGS = YES;
				SWIFT_OBJC_BRIDGING_HEADER = "RCSceneVoiceRoomDemo/RCSceneVoiceRoomDemo-Bridging-Header.h";
				SWIFT_VERSION = 5.0;
				TARGETED_DEVICE_FAMILY = "1,2";
			};
			name = Release;
		};
		0243DDDC283F8AC9007FAC8A /* Debug */ = {
			isa = XCBuildConfiguration;
			baseConfigurationReference = 10D69A5DB2DEA69FCC03293F /* Pods-RCSceneVoiceRoomDemoTests.debug.xcconfig */;
			buildSettings = {
				ALWAYS_EMBED_SWIFT_STANDARD_LIBRARIES = YES;
				BUNDLE_LOADER = "$(TEST_HOST)";
				CODE_SIGN_STYLE = Automatic;
				CURRENT_PROJECT_VERSION = 1;
				GENERATE_INFOPLIST_FILE = YES;
				IPHONEOS_DEPLOYMENT_TARGET = 15.5;
				MARKETING_VERSION = 1.0;
				PRODUCT_BUNDLE_IDENTIFIER = com.pl.RCSceneVoiceRoomDemoTests;
				PRODUCT_NAME = "$(TARGET_NAME)";
				SWIFT_EMIT_LOC_STRINGS = NO;
				TARGETED_DEVICE_FAMILY = "1,2";
				TEST_HOST = "$(BUILT_PRODUCTS_DIR)/RCSceneVoiceRoomDemo.app/RCSceneVoiceRoomDemo";
			};
			name = Debug;
		};
		0243DDDD283F8AC9007FAC8A /* Release */ = {
			isa = XCBuildConfiguration;
			baseConfigurationReference = A95438126A37C77FCFE8B728 /* Pods-RCSceneVoiceRoomDemoTests.release.xcconfig */;
			buildSettings = {
				ALWAYS_EMBED_SWIFT_STANDARD_LIBRARIES = YES;
				BUNDLE_LOADER = "$(TEST_HOST)";
				CODE_SIGN_STYLE = Automatic;
				CURRENT_PROJECT_VERSION = 1;
				GENERATE_INFOPLIST_FILE = YES;
				IPHONEOS_DEPLOYMENT_TARGET = 15.5;
				MARKETING_VERSION = 1.0;
				PRODUCT_BUNDLE_IDENTIFIER = com.pl.RCSceneVoiceRoomDemoTests;
				PRODUCT_NAME = "$(TARGET_NAME)";
				SWIFT_EMIT_LOC_STRINGS = NO;
				TARGETED_DEVICE_FAMILY = "1,2";
				TEST_HOST = "$(BUILT_PRODUCTS_DIR)/RCSceneVoiceRoomDemo.app/RCSceneVoiceRoomDemo";
			};
			name = Release;
		};
		0243DDDF283F8AC9007FAC8A /* Debug */ = {
			isa = XCBuildConfiguration;
			baseConfigurationReference = AACE9869189396D7FED81C61 /* Pods-RCSceneVoiceRoomDemo-RCSceneVoiceRoomDemoUITests.debug.xcconfig */;
			buildSettings = {
				ALWAYS_EMBED_SWIFT_STANDARD_LIBRARIES = YES;
				CODE_SIGN_STYLE = Automatic;
				CURRENT_PROJECT_VERSION = 1;
				GENERATE_INFOPLIST_FILE = YES;
				MARKETING_VERSION = 1.0;
				PRODUCT_BUNDLE_IDENTIFIER = com.pl.RCSceneVoiceRoomDemoUITests;
				PRODUCT_NAME = "$(TARGET_NAME)";
				SWIFT_EMIT_LOC_STRINGS = NO;
				TARGETED_DEVICE_FAMILY = "1,2";
				TEST_TARGET_NAME = RCSceneVoiceRoomDemo;
			};
			name = Debug;
		};
		0243DDE0283F8AC9007FAC8A /* Release */ = {
			isa = XCBuildConfiguration;
			baseConfigurationReference = 31026FB7F5D467EFA0D07376 /* Pods-RCSceneVoiceRoomDemo-RCSceneVoiceRoomDemoUITests.release.xcconfig */;
			buildSettings = {
				ALWAYS_EMBED_SWIFT_STANDARD_LIBRARIES = YES;
				CODE_SIGN_STYLE = Automatic;
				CURRENT_PROJECT_VERSION = 1;
				GENERATE_INFOPLIST_FILE = YES;
				MARKETING_VERSION = 1.0;
				PRODUCT_BUNDLE_IDENTIFIER = com.pl.RCSceneVoiceRoomDemoUITests;
				PRODUCT_NAME = "$(TARGET_NAME)";
				SWIFT_EMIT_LOC_STRINGS = NO;
				TARGETED_DEVICE_FAMILY = "1,2";
				TEST_TARGET_NAME = RCSceneVoiceRoomDemo;
			};
			name = Release;
		};
/* End XCBuildConfiguration section */

/* Begin XCConfigurationList section */
		0243DDA4283F8AC6007FAC8A /* Build configuration list for PBXProject "RCSceneVoiceRoomDemo" */ = {
			isa = XCConfigurationList;
			buildConfigurations = (
				0243DDD6283F8AC9007FAC8A /* Debug */,
				0243DDD7283F8AC9007FAC8A /* Release */,
			);
			defaultConfigurationIsVisible = 0;
			defaultConfigurationName = Release;
		};
		0243DDD8283F8AC9007FAC8A /* Build configuration list for PBXNativeTarget "RCSceneVoiceRoomDemo" */ = {
			isa = XCConfigurationList;
			buildConfigurations = (
				0243DDD9283F8AC9007FAC8A /* Debug */,
				0243DDDA283F8AC9007FAC8A /* Release */,
			);
			defaultConfigurationIsVisible = 0;
			defaultConfigurationName = Release;
		};
		0243DDDB283F8AC9007FAC8A /* Build configuration list for PBXNativeTarget "RCSceneVoiceRoomDemoTests" */ = {
			isa = XCConfigurationList;
			buildConfigurations = (
				0243DDDC283F8AC9007FAC8A /* Debug */,
				0243DDDD283F8AC9007FAC8A /* Release */,
			);
			defaultConfigurationIsVisible = 0;
			defaultConfigurationName = Release;
		};
		0243DDDE283F8AC9007FAC8A /* Build configuration list for PBXNativeTarget "RCSceneVoiceRoomDemoUITests" */ = {
			isa = XCConfigurationList;
			buildConfigurations = (
				0243DDDF283F8AC9007FAC8A /* Debug */,
				0243DDE0283F8AC9007FAC8A /* Release */,
			);
			defaultConfigurationIsVisible = 0;
			defaultConfigurationName = Release;
		};
/* End XCConfigurationList section */
	};
	rootObject = 0243DDA1283F8AC6007FAC8A /* Project object */;
}
